# This file was autogenerated by Stack.
# You should not edit this file by hand.
# For more information, please see the documentation at:
#   https://docs.haskellstack.org/en/stable/lock_files

packages:
- completed:
    hackage: monomer-1.6.0.0@sha256:7202f3510b8d6affbe0d0d449528d87118ba8c1a0fb761e1a99e7bb7f6160874,18003
    pantry-tree:
      sha256: e2d848cf96cde32ebea40c66753160a3b48ad8b530d8b6f3eb812624d2665077
      size: 15189
  original:
    hackage: monomer-1.6.0.0
snapshots:
- completed:
    sha256: 2fdd7d3e54540062ef75ca0a73ca3a804c527dbf8a4cadafabf340e66ac4af40
    size: 712469
    url: https://raw.githubusercontent.com/commercialhaskell/stackage-snapshots/master/lts/22/11.yaml
  original:
    url: https://raw.githubusercontent.com/commercialhaskell/stackage-snapshots/master/lts/22/11.yaml
